
Microsoft Visual Studio Solution File, Format Version 12.00
# Visual Studio Version 17
VisualStudioVersion = 17.1.32228.430
MinimumVisualStudioVersion = 10.0.40219.1
Project("{FAE04EC0-301F-11D3-BF4B-00C04F79EFBC}") = "Session-07", "Session-07.csproj", "{DC793B00-A103-4552-A031-CBD288520DFC}"
EndProject
Global
	GlobalSection(SolutionConfigurationPlatforms) = preSolution
		Debug|Any CPU = Debug|Any CPU
		Release|Any CPU = Release|Any CPU
	EndGlobalSection
	GlobalSection(ProjectConfigurationPlatforms) = postSolution
		{DC793B00-A103-4552-A031-CBD288520DFC}.Debug|Any CPU.ActiveCfg = Debug|Any CPU
		{DC793B00-A103-4552-A031-CBD288520DFC}.Debug|Any CPU.Build.0 = Debug|Any CPU
		{DC793B00-A103-4552-A031-CBD288520DFC}.Release|Any CPU.ActiveCfg = Release|Any CPU
		{DC793B00-A103-4552-A031-CBD288520DFC}.Release|Any CPU.Build.0 = Release|Any CPU
	EndGlobalSection
	GlobalSection(SolutionProperties) = preSolution
		HideSolutionNode = FALSE
	EndGlobalSection
	GlobalSection(ExtensibilityGlobals) = postSolution
		SolutionGuid = {9AFE13FC-82B8-46C2-BCA5-5A48A46B1377}
	EndGlobalSection
EndGlobal
